
Microsoft Visual Studio Solution File, Format Version 12.00
# Visual Studio Version 17
VisualStudioVersion = 17.13.35818.85 d17.13
MinimumVisualStudioVersion = 10.0.40219.1
Project("{FAE04EC0-301F-11D3-BF4B-00C04F79EFBC}") = "MooGame.App", "MooGame.App\MooGame.App.csproj", "{4288FB66-DCB4-4D31-AADC-D55856B79EFE}"
EndProject
Project("{FAE04EC0-301F-11D3-BF4B-00C04F79EFBC}") = "MooGame.Tests", "MooGame.Tests\MooGame.Tests.csproj", "{6B310B64-9E47-48D3-8348-0B0FA8937B05}"
EndProject
Global
	GlobalSection(SolutionConfigurationPlatforms) = preSolution
		Debug|Any CPU = Debug|Any CPU
		Release|Any CPU = Release|Any CPU
	EndGlobalSection
	GlobalSection(ProjectConfigurationPlatforms) = postSolution
		{4288FB66-DCB4-4D31-AADC-D55856B79EFE}.Debug|Any CPU.ActiveCfg = Debug|Any CPU
		{4288FB66-DCB4-4D31-AADC-D55856B79EFE}.Debug|Any CPU.Build.0 = Debug|Any CPU
		{4288FB66-DCB4-4D31-AADC-D55856B79EFE}.Release|Any CPU.ActiveCfg = Release|Any CPU
		{4288FB66-DCB4-4D31-AADC-D55856B79EFE}.Release|Any CPU.Build.0 = Release|Any CPU
		{6B310B64-9E47-48D3-8348-0B0FA8937B05}.Debug|Any CPU.ActiveCfg = Debug|Any CPU
		{6B310B64-9E47-48D3-8348-0B0FA8937B05}.Debug|Any CPU.Build.0 = Debug|Any CPU
		{6B310B64-9E47-48D3-8348-0B0FA8937B05}.Release|Any CPU.ActiveCfg = Release|Any CPU
		{6B310B64-9E47-48D3-8348-0B0FA8937B05}.Release|Any CPU.Build.0 = Release|Any CPU
	EndGlobalSection
	GlobalSection(SolutionProperties) = preSolution
		HideSolutionNode = FALSE
	EndGlobalSection
	GlobalSection(ExtensibilityGlobals) = postSolution
		SolutionGuid = {1F1DC711-47E0-4239-86BD-616B72622FFC}
	EndGlobalSection
EndGlobal
